PODS:
  - Alamofire (5.10.1)
  - KakaJSON (1.1.2)
  - Moya (15.0.0):
    - Moya/Core (= 15.0.0)
  - Moya/Combine (15.0.0):
    - Moya/Core
  - Moya/Core (15.0.0):
    - Alamofire (~> 5.0)
  - SwifterSwift (7.0.0):
    - SwifterSwift/AppKit (= 7.0.0)
    - SwifterSwift/CoreAnimation (= 7.0.0)
    - SwifterSwift/CoreGraphics (= 7.0.0)
    - SwifterSwift/CoreLocation (= 7.0.0)
    - SwifterSwift/CryptoKit (= 7.0.0)
    - SwifterSwift/Dispatch (= 7.0.0)
    - SwifterSwift/Foundation (= 7.0.0)
    - SwifterSwift/HealthKit (= 7.0.0)
    - SwifterSwift/MapKit (= 7.0.0)
    - SwifterSwift/SceneKit (= 7.0.0)
    - SwifterSwift/SpriteKit (= 7.0.0)
    - SwifterSwift/StoreKit (= 7.0.0)
    - SwifterSwift/SwiftStdlib (= 7.0.0)
    - SwifterSwift/UIKit (= 7.0.0)
    - SwifterSwift/WebKit (= 7.0.0)
  - SwifterSwift/AppKit (7.0.0)
  - SwifterSwift/CoreAnimation (7.0.0)
  - SwifterSwift/CoreGraphics (7.0.0)
  - SwifterSwift/CoreLocation (7.0.0)
  - SwifterSwift/CryptoKit (7.0.0)
  - SwifterSwift/Dispatch (7.0.0)
  - SwifterSwift/Foundation (7.0.0)
  - SwifterSwift/HealthKit (7.0.0)
  - SwifterSwift/MapKit (7.0.0)
  - SwifterSwift/SceneKit (7.0.0)
  - SwifterSwift/SpriteKit (7.0.0)
  - SwifterSwift/StoreKit (7.0.0)
  - SwifterSwift/SwiftStdlib (7.0.0)
  - SwifterSwift/UIKit (7.0.0)
  - SwifterSwift/WebKit (7.0.0)
  - SwiftyJSON (5.0.2)

DEPENDENCIES:
  - KakaJSON
  - Moya (~> 15.0)
  - Moya/Combine (~> 15.0)
  - SwifterSwift
  - SwiftyJSON

SPEC REPOS:
  trunk:
    - Alamofire
    - KakaJSON
    - Moya
    - SwifterSwift
    - SwiftyJSON

SPEC CHECKSUMS:
  Alamofire: 840d2a1ad82355b536ec6ba5f97e5bfa54600ca3
  KakaJSON: cc5ff50a8c1cfbb09413db8496cb709a209e6137
  Moya: 138f0573e53411fb3dc17016add0b748dfbd78ee
  SwifterSwift: e9caf990fc72e835432280755d1f4c43f2a483d5
  SwiftyJSON: f5b1bf1cd8dd53cd25887ac0eabcfd92301c6a5a

PODFILE CHECKSUM: e36e7ba5fc8e20954aebc141c98916ffe8fcb307

COCOAPODS: 1.16.2
